// !$*UTF8*$!
{
	archiveVersion = 1;
	classes = {
	};
	objectVersion = 46;
	objects = {

/* Begin PBXBuildFile section */
		2D6152741CF0A59200E23100 /* AppDelegate.swift in Sources */ = {isa = PBXBuildFile; fileRef = 2D6152731CF0A59200E23100 /* AppDelegate.swift */; };
		2D6152761CF0A59200E23100 /* LibraryViewController.swift in Sources */ = {isa = PBXBuildFile; fileRef = 2D6152751CF0A59200E23100 /* LibraryViewController.swift */; };
		2D6152791CF0A59200E23100 /* Main.storyboard in Resources */ = {isa = PBXBuildFile; fileRef = 2D6152771CF0A59200E23100 /* Main.storyboard */; };
		2D61527C1CF0A59200E23100 /* SwiftLibrary.xcdatamodeld in Sources */ = {isa = PBXBuildFile; fileRef = 2D61527A1CF0A59200E23100 /* SwiftLibrary.xcdatamodeld */; };
		2D61527E1CF0A59200E23100 /* Assets.xcassets in Resources */ = {isa = PBXBuildFile; fileRef = 2D61527D1CF0A59200E23100 /* Assets.xcassets */; };
		2D6152811CF0A59200E23100 /* LaunchScreen.storyboard in Resources */ = {isa = PBXBuildFile; fileRef = 2D61527F1CF0A59200E23100 /* LaunchScreen.storyboard */; };
		2D79DA901CF34F6A00B0647F /* ProgressHUD.swift in Sources */ = {isa = PBXBuildFile; fileRef = 2D79DA8F1CF34F6A00B0647F /* ProgressHUD.swift */; };
		2D81A8801CF0AE870037E66B /* Book+CoreDataProperties.swift in Sources */ = {isa = PBXBuildFile; fileRef = 2D81A87E1CF0AE870037E66B /* Book+CoreDataProperties.swift */; };
		2D81A8811CF0AE870037E66B /* Book.swift in Sources */ = {isa = PBXBuildFile; fileRef = 2D81A87F1CF0AE870037E66B /* Book.swift */; };
		2D81A8831CF0B5140037E66B /* BookTableViewCell.swift in Sources */ = {isa = PBXBuildFile; fileRef = 2D81A8821CF0B5140037E66B /* BookTableViewCell.swift */; };
		2D81A8851CF0C0120037E66B /* NewBookViewController.swift in Sources */ = {isa = PBXBuildFile; fileRef = 2D81A8841CF0C0120037E66B /* NewBookViewController.swift */; };
		2D81A8871CF1AD950037E66B /* Utils.swift in Sources */ = {isa = PBXBuildFile; fileRef = 2D81A8861CF1AD950037E66B /* Utils.swift */; };
		2D84C6391CFA0E16008E6901 /* BookDetailViewController.swift in Sources */ = {isa = PBXBuildFile; fileRef = 2D84C6381CFA0E16008E6901 /* BookDetailViewController.swift */; };
/* End PBXBuildFile section */

/* Begin PBXFileReference section */
		2D6152701CF0A59200E23100 /* SwiftLibrary.app */ = {isa = PBXFileReference; explicitFileType = wrapper.application; includeInIndex = 0; path = SwiftLibrary.app; sourceTree = BUILT_PRODUCTS_DIR; };
		2D6152731CF0A59200E23100 /* AppDelegate.swift */ = {isa = PBXFileReference; lastKnownFileType = sourcecode.swift; path = AppDelegate.swift; sourceTree = "<group>"; };
		2D6152751CF0A59200E23100 /* LibraryViewController.swift */ = {isa = PBXFileReference; lastKnownFileType = sourcecode.swift; name = LibraryViewController.swift; path = SwiftLibrary/LibraryViewController.swift; sourceTree = "<group>"; };
		2D6152781CF0A59200E23100 /* Base */ = {isa = PBXFileReference; lastKnownFileType = file.storyboard; name = Base; path = Base.lproj/Main.storyboard; sourceTree = "<group>"; };
		2D61527B1CF0A59200E23100 /* SwiftLibrary.xcdatamodel */ = {isa = PBXFileReference; lastKnownFileType = wrapper.xcdatamodel; path = SwiftLibrary.xcdatamodel; sourceTree = "<group>"; };
		2D61527D1CF0A59200E23100 /* Assets.xcassets */ = {isa = PBXFileReference; lastKnownFileType = folder.assetcatalog; path = Assets.xcassets; sourceTree = "<group>"; };
		2D6152801CF0A59200E23100 /* Base */ = {isa = PBXFileReference; lastKnownFileType = file.storyboard; name = Base; path = Base.lproj/LaunchScreen.storyboard; sourceTree = "<group>"; };
		2D6152821CF0A59200E23100 /* Info.plist */ = {isa = PBXFileReference; lastKnownFileType = text.plist.xml; path = Info.plist; sourceTree = "<group>"; };
		2D79DA8F1CF34F6A00B0647F /* ProgressHUD.swift */ = {isa = PBXFileReference; fileEncoding = 4; lastKnownFileType = sourcecode.swift; name = ProgressHUD.swift; path = SwiftLibrary/ProgressHUD.swift; sourceTree = "<group>"; };
		2D81A87E1CF0AE870037E66B /* Book+CoreDataProperties.swift */ = {isa = PBXFileReference; fileEncoding = 4; lastKnownFileType = sourcecode.swift; path = "Book+CoreDataProperties.swift"; sourceTree = "<group>"; };
		2D81A87F1CF0AE870037E66B /* Book.swift */ = {isa = PBXFileReference; fileEncoding = 4; lastKnownFileType = sourcecode.swift; path = Book.swift; sourceTree = "<group>"; };
		2D81A8821CF0B5140037E66B /* BookTableViewCell.swift */ = {isa = PBXFileReference; fileEncoding = 4; lastKnownFileType = sourcecode.swift; name = BookTableViewCell.swift; path = SwiftLibrary/BookTableViewCell.swift; sourceTree = "<group>"; };
		2D81A8841CF0C0120037E66B /* NewBookViewController.swift */ = {isa = PBXFileReference; fileEncoding = 4; lastKnownFileType = sourcecode.swift; path = NewBookViewController.swift; sourceTree = "<group>"; };
		2D81A8861CF1AD950037E66B /* Utils.swift */ = {isa = PBXFileReference; fileEncoding = 4; lastKnownFileType = sourcecode.swift; path = Utils.swift; sourceTree = "<group>"; };
		2D84C6381CFA0E16008E6901 /* BookDetailViewController.swift */ = {isa = PBXFileReference; fileEncoding = 4; lastKnownFileType = sourcecode.swift; name = BookDetailViewController.swift; path = SwiftLibrary/BookDetailViewController.swift; sourceTree = "<group>"; };
/* End PBXFileReference section */

/* Begin PBXFrameworksBuildPhase section */
		2D61526D1CF0A59200E23100 /* Frameworks */ = {
			isa = PBXFrameworksBuildPhase;
			buildActionMask = 2147483647;
			files = (
			);
			runOnlyForDeploymentPostprocessing = 0;
		};
/* End PBXFrameworksBuildPhase section */

/* Begin PBXGroup section */
		2D6152671CF0A59200E23100 = {
			isa = PBXGroup;
			children = (
				2D6152721CF0A59200E23100 /* SwiftLibrary */,
				2D6152711CF0A59200E23100 /* Products */,
			);
			sourceTree = "<group>";
		};
		2D6152711CF0A59200E23100 /* Products */ = {
			isa = PBXGroup;
			children = (
				2D6152701CF0A59200E23100 /* SwiftLibrary.app */,
			);
			name = Products;
			sourceTree = "<group>";
		};
		2D6152721CF0A59200E23100 /* SwiftLibrary */ = {
			isa = PBXGroup;
			children = (
				2D61528C1CF0A67B00E23100 /* Views */,
				2D61528B1CF0A64A00E23100 /* Storyboards */,
				2D61528A1CF0A63000E23100 /* Controllers */,
				2D6152891CF0A5FC00E23100 /* Models */,
				2D6152881CF0A5D900E23100 /* Misc */,
				2D6152731CF0A59200E23100 /* AppDelegate.swift */,
				2D61527D1CF0A59200E23100 /* Assets.xcassets */,
				2D6152821CF0A59200E23100 /* Info.plist */,
				2D61527A1CF0A59200E23100 /* SwiftLibrary.xcdatamodeld */,
				2D81A87E1CF0AE870037E66B /* Book+CoreDataProperties.swift */,
				2D81A87F1CF0AE870037E66B /* Book.swift */,
			);
			path = SwiftLibrary;
			sourceTree = "<group>";
		};
		2D6152881CF0A5D900E23100 /* Misc */ = {
			isa = PBXGroup;
			children = (
				2D81A8861CF1AD950037E66B /* Utils.swift */,
			);
			name = Misc;
			path = ..;
			sourceTree = "<group>";
		};
		2D6152891CF0A5FC00E23100 /* Models */ = {
			isa = PBXGroup;
			children = (
			);
			name = Models;
			path = ..;
			sourceTree = "<group>";
		};
		2D61528A1CF0A63000E23100 /* Controllers */ = {
			isa = PBXGroup;
			children = (
				2D6152751CF0A59200E23100 /* LibraryViewController.swift */,
				2D81A8841CF0C0120037E66B /* NewBookViewController.swift */,
				2D84C6381CFA0E16008E6901 /* BookDetailViewController.swift */,
			);
			name = Controllers;
			path = ..;
			sourceTree = "<group>";
		};
		2D61528B1CF0A64A00E23100 /* Storyboards */ = {
			isa = PBXGroup;
			children = (
				2D61527F1CF0A59200E23100 /* LaunchScreen.storyboard */,
				2D6152771CF0A59200E23100 /* Main.storyboard */,
			);
			name = Storyboards;
			path = ..;
			sourceTree = "<group>";
		};
		2D61528C1CF0A67B00E23100 /* Views */ = {
			isa = PBXGroup;
			children = (
				2D81A8821CF0B5140037E66B /* BookTableViewCell.swift */,
				2D79DA8F1CF34F6A00B0647F /* ProgressHUD.swift */,
			);
			name = Views;
			path = ..;
			sourceTree = "<group>";
		};
/* End PBXGroup section */

/* Begin PBXNativeTarget section */
		2D61526F1CF0A59200E23100 /* SwiftLibrary */ = {
			isa = PBXNativeTarget;
			buildConfigurationList = 2D6152851CF0A59200E23100 /* Build configuration list for PBXNativeTarget "SwiftLibrary" */;
			buildPhases = (
				2D61526C1CF0A59200E23100 /* Sources */,
				2D61526D1CF0A59200E23100 /* Frameworks */,
				2D61526E1CF0A59200E23100 /* Resources */,
			);
			buildRules = (
			);
			dependencies = (
			);
			name = SwiftLibrary;
			productName = SwiftLibrary;
			productReference = 2D6152701CF0A59200E23100 /* SwiftLibrary.app */;
			productType = "com.apple.product-type.application";
		};
/* End PBXNativeTarget section */

/* Begin PBXProject section */
		2D6152681CF0A59200E23100 /* Project object */ = {
			isa = PBXProject;
			attributes = {
				LastSwiftUpdateCheck = 0730;
				LastUpgradeCheck = 0810;
				ORGANIZATIONNAME = mj;
				TargetAttributes = {
					2D61526F1CF0A59200E23100 = {
						CreatedOnToolsVersion = 7.3.1;
						LastSwiftMigration = 0810;
					};
				};
			};
			buildConfigurationList = 2D61526B1CF0A59200E23100 /* Build configuration list for PBXProject "SwiftLibrary" */;
			compatibilityVersion = "Xcode 3.2";
			developmentRegion = English;
			hasScannedForEncodings = 0;
			knownRegions = (
				en,
				Base,
			);
			mainGroup = 2D6152671CF0A59200E23100;
			productRefGroup = 2D6152711CF0A59200E23100 /* Products */;
			projectDirPath = "";
			projectRoot = "";
			targets = (
				2D61526F1CF0A59200E23100 /* SwiftLibrary */,
			);
		};
/* End PBXProject section */

/* Begin PBXResourcesBuildPhase section */
		2D61526E1CF0A59200E23100 /* Resources */ = {
			isa = PBXResourcesBuildPhase;
			buildActionMask = 2147483647;
			files = (
				2D6152811CF0A59200E23100 /* LaunchScreen.storyboard in Resources */,
				2D61527E1CF0A59200E23100 /* Assets.xcassets in Resources */,
				2D6152791CF0A59200E23100 /* Main.storyboard in Resources */,
			);
			runOnlyForDeploymentPostprocessing = 0;
		};
/* End PBXResourcesBuildPhase section */

/* Begin PBXSourcesBuildPhase section */
		2D61526C1CF0A59200E23100 /* Sources */ = {
			isa = PBXSourcesBuildPhase;
			buildActionMask = 2147483647;
			files = (
				2D61527C1CF0A59200E23100 /* SwiftLibrary.xcdatamodeld in Sources */,
				2D6152761CF0A59200E23100 /* LibraryViewController.swift in Sources */,
				2D79DA901CF34F6A00B0647F /* ProgressHUD.swift in Sources */,
				2D81A8801CF0AE870037E66B /* Book+CoreDataProperties.swift in Sources */,
				2D84C6391CFA0E16008E6901 /* BookDetailViewController.swift in Sources */,
				2D81A8811CF0AE870037E66B /* Book.swift in Sources */,
				2D81A8831CF0B5140037E66B /* BookTableViewCell.swift in Sources */,
				2D81A8851CF0C0120037E66B /* NewBookViewController.swift in Sources */,
				2D6152741CF0A59200E23100 /* AppDelegate.swift in Sources */,
				2D81A8871CF1AD950037E66B /* Utils.swift in Sources */,
			);
			runOnlyForDeploymentPostprocessing = 0;
		};
/* End PBXSourcesBuildPhase section */

/* Begin PBXVariantGroup section */
		2D6152771CF0A59200E23100 /* Main.storyboard */ = {
			isa = PBXVariantGroup;
			children = (
				2D6152781CF0A59200E23100 /* Base */,
			);
			name = Main.storyboard;
			path = SwiftLibrary;
			sourceTree = "<group>";
		};
		2D61527F1CF0A59200E23100 /* LaunchScreen.storyboard */ = {
			isa = PBXVariantGroup;
			children = (
				2D6152801CF0A59200E23100 /* Base */,
			);
			name = LaunchScreen.storyboard;
			path = SwiftLibrary;
			sourceTree = "<group>";
		};
/* End PBXVariantGroup section */

/* Begin XCBuildConfiguration section */
		2D6152831CF0A59200E23100 /* Debug */ = {
			isa = XCBuildConfiguration;
			buildSettings = {
				ALWAYS_SEARCH_USER_PATHS = NO;
				CLANG_ANALYZER_NONNULL = YES;
				CLANG_CXX_LANGUAGE_STANDARD = "gnu++0x";
				CLANG_CXX_LIBRARY = "libc++";
				CLANG_ENABLE_MODULES = YES;
				CLANG_ENABLE_OBJC_ARC = YES;
				CLANG_WARN_BOOL_CONVERSION = YES;
				CLANG_WARN_CONSTANT_CONVERSION = YES;
				CLANG_WARN_DIRECT_OBJC_ISA_USAGE = YES_ERROR;
				CLANG_WARN_EMPTY_BODY = YES;
				CLANG_WARN_ENUM_CONVERSION = YES;
				CLANG_WARN_INFINITE_RECURSION = YES;
				CLANG_WARN_INT_CONVERSION = YES;
				CLANG_WARN_OBJC_ROOT_CLASS = YES_ERROR;
				CLANG_WARN_SUSPICIOUS_MOVE = YES;
				CLANG_WARN_UNREACHABLE_CODE = YES;
				CLANG_WARN__DUPLICATE_METHOD_MATCH = YES;
				"CODE_SIGN_IDENTITY[sdk=iphoneos*]" = "iPhone Developer";
				COPY_PHASE_STRIP = NO;
				DEBUG_INFORMATION_FORMAT = dwarf;
				ENABLE_STRICT_OBJC_MSGSEND = YES;
				ENABLE_TESTABILITY = YES;
				GCC_C_LANGUAGE_STANDARD = gnu99;
				GCC_DYNAMIC_NO_PIC = NO;
				GCC_NO_COMMON_BLOCKS = YES;
				GCC_OPTIMIZATION_LEVEL = 0;
				GCC_PREPROCESSOR_DEFINITIONS = (
					"DEBUG=1",
					"$(inherited)",
				);
				GCC_WARN_64_TO_32_BIT_CONVERSION = YES;
				GCC_WARN_ABOUT_RETURN_TYPE = YES_ERROR;
				GCC_WARN_UNDECLARED_SELECTOR = YES;
				GCC_WARN_UNINITIALIZED_AUTOS = YES_AGGRESSIVE;
				GCC_WARN_UNUSED_FUNCTION = YES;
				GCC_WARN_UNUSED_VARIABLE = YES;
				IPHONEOS_DEPLOYMENT_TARGET = 9.3;
				MTL_ENABLE_DEBUG_INFO = YES;
				ONLY_ACTIVE_ARCH = YES;
				SDKROOT = iphoneos;
				SWIFT_OPTIMIZATION_LEVEL = "-Onone";
			};
			name = Debug;
		};
		2D6152841CF0A59200E23100 /* Release */ = {
			isa = XCBuildConfiguration;
			buildSettings = {
				ALWAYS_SEARCH_USER_PATHS = NO;
				CLANG_ANALYZER_NONNULL = YES;
				CLANG_CXX_LANGUAGE_STANDARD = "gnu++0x";
				CLANG_CXX_LIBRARY = "libc++";
				CLANG_ENABLE_MODULES = YES;
				CLANG_ENABLE_OBJC_ARC = YES;
				CLANG_WARN_BOOL_CONVERSION = YES;
				CLANG_WARN_CONSTANT_CONVERSION = YES;
				CLANG_WARN_DIRECT_OBJC_ISA_USAGE = YES_ERROR;
				CLANG_WARN_EMPTY_BODY = YES;
				CLANG_WARN_ENUM_CONVERSION = YES;
				CLANG_WARN_INFINITE_RECURSION = YES;
				CLANG_WARN_INT_CONVERSION = YES;
				CLANG_WARN_OBJC_ROOT_CLASS = YES_ERROR;
				CLANG_WARN_SUSPICIOUS_MOVE = YES;
				CLANG_WARN_UNREACHABLE_CODE = YES;
				CLANG_WARN__DUPLICATE_METHOD_MATCH = YES;
				"CODE_SIGN_IDENTITY[sdk=iphoneos*]" = "iPhone Developer";
				COPY_PHASE_STRIP = NO;
				DEBUG_INFORMATION_FORMAT = "dwarf-with-dsym";
				ENABLE_NS_ASSERTIONS = NO;
				ENABLE_STRICT_OBJC_MSGSEND = YES;
				GCC_C_LANGUAGE_STANDARD = gnu99;
				GCC_NO_COMMON_BLOCKS = YES;
				GCC_WARN_64_TO_32_BIT_CONVERSION = YES;
				GCC_WARN_ABOUT_RETURN_TYPE = YES_ERROR;
				GCC_WARN_UNDECLARED_SELECTOR = YES;
				GCC_WARN_UNINITIALIZED_AUTOS = YES_AGGRESSIVE;
				GCC_WARN_UNUSED_FUNCTION = YES;
				GCC_WARN_UNUSED_VARIABLE = YES;
				IPHONEOS_DEPLOYMENT_TARGET = 9.3;
				MTL_ENABLE_DEBUG_INFO = NO;
				SDKROOT = iphoneos;
				SWIFT_OPTIMIZATION_LEVEL = "-Owholemodule";
				VALIDATE_PRODUCT = YES;
			};
			name = Release;
		};
		2D6152861CF0A59200E23100 /* Debug */ = {
			isa = XCBuildConfiguration;
			buildSettings = {
				ASSETCATALOG_COMPILER_APPICON_NAME = AppIcon;
				INFOPLIST_FILE = SwiftLibrary/Info.plist;
				LD_RUNPATH_SEARCH_PATHS = "$(inherited) @executable_path/Frameworks";
				PRODUCT_BUNDLE_IDENTIFIER = com.demo.SwiftLibrary;
				PRODUCT_NAME = "$(TARGET_NAME)";
				SWIFT_VERSION = 3.0;
			};
			name = Debug;
		};
		2D6152871CF0A59200E23100 /* Release */ = {
			isa = XCBuildConfiguration;
			buildSettings = {
				ASSETCATALOG_COMPILER_APPICON_NAME = AppIcon;
				INFOPLIST_FILE = SwiftLibrary/Info.plist;
				LD_RUNPATH_SEARCH_PATHS = "$(inherited) @executable_path/Frameworks";
				PRODUCT_BUNDLE_IDENTIFIER = com.demo.SwiftLibrary;
				PRODUCT_NAME = "$(TARGET_NAME)";
				SWIFT_VERSION = 3.0;
			};
			name = Release;
		};
/* End XCBuildConfiguration section */

/* Begin XCConfigurationList section */
		2D61526B1CF0A59200E23100 /* Build configuration list for PBXProject "SwiftLibrary" */ = {
			isa = XCConfigurationList;
			buildConfigurations = (
				2D6152831CF0A59200E23100 /* Debug */,
				2D6152841CF0A59200E23100 /* Release */,
			);
			defaultConfigurationIsVisible = 0;
			defaultConfigurationName = Release;
		};
		2D6152851CF0A59200E23100 /* Build configuration list for PBXNativeTarget "SwiftLibrary" */ = {
			isa = XCConfigurationList;
			buildConfigurations = (
				2D6152861CF0A59200E23100 /* Debug */,
				2D6152871CF0A59200E23100 /* Release */,
			);
			defaultConfigurationIsVisible = 0;
			defaultConfigurationName = Release;
		};
/* End XCConfigurationList section */

/* Begin XCVersionGroup section */
		2D61527A1CF0A59200E23100 /* SwiftLibrary.xcdatamodeld */ = {
			isa = XCVersionGroup;
			children = (
				2D61527B1CF0A59200E23100 /* SwiftLibrary.xcdatamodel */,
			);
			currentVersion = 2D61527B1CF0A59200E23100 /* SwiftLibrary.xcdatamodel */;
			path = SwiftLibrary.xcdatamodeld;
			sourceTree = "<group>";
			versionGroupType = wrapper.xcdatamodel;
		};
/* End XCVersionGroup section */
	};
	rootObject = 2D6152681CF0A59200E23100 /* Project object */;
}
